
Microsoft Visual Studio Solution File, Format Version 12.00
# Visual Studio Version 16
VisualStudioVersion = 16.0.32228.343
MinimumVisualStudioVersion = 10.0.40219.1
Project("{FAE04EC0-301F-11D3-BF4B-00C04F79EFBC}") = "RevitAPIExcel", "RevitAPIExcel\RevitAPIExcel.csproj", "{1A4025D8-247F-45BF-8743-8B46A45A1C00}"
EndProject
Global
	GlobalSection(SolutionConfigurationPlatforms) = preSolution
		Debug|Any CPU = Debug|Any CPU
		Release|Any CPU = Release|Any CPU
	EndGlobalSection
	GlobalSection(ProjectConfigurationPlatforms) = postSolution
		{1A4025D8-247F-45BF-8743-8B46A45A1C00}.Debug|Any CPU.ActiveCfg = Debug|Any CPU
		{1A4025D8-247F-45BF-8743-8B46A45A1C00}.Debug|Any CPU.Build.0 = Debug|Any CPU
		{1A4025D8-247F-45BF-8743-8B46A45A1C00}.Release|Any CPU.ActiveCfg = Release|Any CPU
		{1A4025D8-247F-45BF-8743-8B46A45A1C00}.Release|Any CPU.Build.0 = Release|Any CPU
	EndGlobalSection
	GlobalSection(SolutionProperties) = preSolution
		HideSolutionNode = FALSE
	EndGlobalSection
	GlobalSection(ExtensibilityGlobals) = postSolution
		SolutionGuid = {AAF73507-CF26-46C3-B03C-6F958C51D8E6}
	EndGlobalSection
EndGlobal
